
Microsoft Visual Studio Solution File, Format Version 12.00
# Visual Studio Version 17
VisualStudioVersion = 17.12.35514.174
MinimumVisualStudioVersion = 10.0.40219.1
Project("{FAE04EC0-301F-11D3-BF4B-00C04F79EFBC}") = "ReadonlyDbContextGenerator", "src\ReadonlyDbContextGenerator\ReadonlyDbContextGenerator.csproj", "{906BC8BB-5FF3-4939-8708-859B97C1BCD6}"
EndProject
Project("{FAE04EC0-301F-11D3-BF4B-00C04F79EFBC}") = "UnitTests", "tests\UnitTests\UnitTests.csproj", "{3DD5996E-BCCF-49C1-B6A2-A024489ED726}"
EndProject
Global
	GlobalSection(SolutionConfigurationPlatforms) = preSolution
		Debug|Any CPU = Debug|Any CPU
		Release|Any CPU = Release|Any CPU
	EndGlobalSection
	GlobalSection(ProjectConfigurationPlatforms) = postSolution
		{906BC8BB-5FF3-4939-8708-859B97C1BCD6}.Debug|Any CPU.ActiveCfg = Debug|Any CPU
		{906BC8BB-5FF3-4939-8708-859B97C1BCD6}.Debug|Any CPU.Build.0 = Debug|Any CPU
		{906BC8BB-5FF3-4939-8708-859B97C1BCD6}.Release|Any CPU.ActiveCfg = Release|Any CPU
		{906BC8BB-5FF3-4939-8708-859B97C1BCD6}.Release|Any CPU.Build.0 = Release|Any CPU
		{3DD5996E-BCCF-49C1-B6A2-A024489ED726}.Debug|Any CPU.ActiveCfg = Debug|Any CPU
		{3DD5996E-BCCF-49C1-B6A2-A024489ED726}.Debug|Any CPU.Build.0 = Debug|Any CPU
		{3DD5996E-BCCF-49C1-B6A2-A024489ED726}.Release|Any CPU.ActiveCfg = Release|Any CPU
		{3DD5996E-BCCF-49C1-B6A2-A024489ED726}.Release|Any CPU.Build.0 = Release|Any CPU
	EndGlobalSection
	GlobalSection(SolutionProperties) = preSolution
		HideSolutionNode = FALSE
	EndGlobalSection
EndGlobal
